<?xml version="1.0" encoding="utf-8"?>
<Project ToolsVersion="4.0" xmlns="http://schemas.microsoft.com/developer/msbuild/2003">
  <ItemGroup>
    <ClCompile Include="Chess\ChessPlayer.cpp">
      <Filter>AI Code</Filter>
    </ClCompile>
    <ClCompile Include="main.cpp">
      <Filter>Core Code</Filter>
    </ClCompile>
    <ClCompile Include="Model.cpp">
      <Filter>Core Code</Filter>
    </ClCompile>
    <ClCompile Include="stb_image.cpp.cpp">
      <Filter>Core Code</Filter>
    </ClCompile>
    <ClCompile Include="Chess\Piece.cpp">
      <Filter>Core Code</Filter>
    </ClCompile>
    <ClCompile Include="Chess\Move.cpp">
      <Filter>Core Code</Filter>
    </ClCompile>
    <ClCompile Include="Chess\Board.cpp">
      <Filter>Core Code</Filter>
    </ClCompile>
    <ClCompile Include="Chess\GameState.cpp">
      <Filter>Core Code</Filter>
    </ClCompile>
    <ClCompile Include="Chess\Game.cpp" />
  </ItemGroup>
  <ItemGroup>
    <ClInclude Include="Chess\ChessPlayer.h">
      <Filter>AI Code</Filter>
    </ClInclude>
    <ClInclude Include="Model.h">
      <Filter>Core Code</Filter>
    </ClInclude>
    <ClInclude Include="stb_image.h">
      <Filter>Core Code</Filter>
    </ClInclude>
    <ClInclude Include="Chess\Piece.h">
      <Filter>Core Code</Filter>
    </ClInclude>
    <ClInclude Include="Chess\Move.h">
      <Filter>Core Code</Filter>
    </ClInclude>
    <ClInclude Include="Chess\Board.h">
      <Filter>Core Code</Filter>
    </ClInclude>
    <ClInclude Include="Chess\GameState.h">
      <Filter>Core Code</Filter>
    </ClInclude>
    <ClInclude Include="Chess\Game.h" />
  </ItemGroup>
  <ItemGroup>
    <Filter Include="AI Code">
      <UniqueIdentifier>{f3396701-8e19-4534-8876-75036b8ad636}</UniqueIdentifier>
    </Filter>
    <Filter Include="Core Code">
      <UniqueIdentifier>{b01adb74-7e6d-44e3-a6e2-c2b2ad1496e5}</UniqueIdentifier>
    </Filter>
  </ItemGroup>
</Project>